
Microsoft Visual Studio Solution File, Format Version 12.00
# Visual Studio Version 16
VisualStudioVersion = 16.0.33027.164
MinimumVisualStudioVersion = 10.0.40219.1
Project("{FAE04EC0-301F-11D3-BF4B-00C04F79EFBC}") = "baberShop", "baberShop\baberShop.csproj", "{CA73BBBD-3F8A-4CC7-AC82-821A334D305B}"
EndProject
Global
	GlobalSection(SolutionConfigurationPlatforms) = preSolution
		Debug|Any CPU = Debug|Any CPU
		Release|Any CPU = Release|Any CPU
	EndGlobalSection
	GlobalSection(ProjectConfigurationPlatforms) = postSolution
		{CA73BBBD-3F8A-4CC7-AC82-821A334D305B}.Debug|Any CPU.ActiveCfg = Debug|Any CPU
		{CA73BBBD-3F8A-4CC7-AC82-821A334D305B}.Debug|Any CPU.Build.0 = Debug|Any CPU
		{CA73BBBD-3F8A-4CC7-AC82-821A334D305B}.Release|Any CPU.ActiveCfg = Release|Any CPU
		{CA73BBBD-3F8A-4CC7-AC82-821A334D305B}.Release|Any CPU.Build.0 = Release|Any CPU
	EndGlobalSection
	GlobalSection(SolutionProperties) = preSolution
		HideSolutionNode = FALSE
	EndGlobalSection
	GlobalSection(ExtensibilityGlobals) = postSolution
		SolutionGuid = {532725D7-1676-434A-A127-CBA2BD78DABF}
	EndGlobalSection
EndGlobal
